{
  "name": "cue-parser",
  "version": "1.0.0",
  "lockfileVersion": 2,
  "requires": true,
  "packages": {
    "": {
      "name": "cue-parser",
      "version": "1.0.0",
      "license": "ISC",
      "dependencies": {
        "cue-parser": "^0.3.0"
      }
    },
    "node_modules/chardet": {
      "version": "1.6.0",
      "resolved": "https://registry.npmjs.org/chardet/-/chardet-1.6.0.tgz",
      "integrity": "sha512-+QOTw3otC4+FxdjK9RopGpNOglADbr4WPFi0SonkO99JbpkTPbMxmdm4NenhF5Zs+4gPXLI1+y2uazws5TMe8w=="
    },
    "node_modules/cue-parser": {
      "version": "0.3.0",
      "resolved": "https://registry.npmjs.org/cue-parser/-/cue-parser-0.3.0.tgz",
      "integrity": "sha512-dT9aE78B10akUWxt5SYhsyrGbIpoO67ELOk4DzIpwfhQNjauS9gxZ2SoOnwAfVUr2HAxFRH/8gH/8Umn4DYRow==",
      "dependencies": {
        "chardet": "^1.0.0"
      },
      "engines": {
        "node": ">=10",
        "npm": ">=6"
      }
    }
  },
  "dependencies": {
    "chardet": {
      "version": "1.6.0",
      "resolved": "https://registry.npmjs.org/chardet/-/chardet-1.6.0.tgz",
      "integrity": "sha512-+QOTw3otC4+FxdjK9RopGpNOglADbr4WPFi0SonkO99JbpkTPbMxmdm4NenhF5Zs+4gPXLI1+y2uazws5TMe8w=="
    },
    "cue-parser": {
      "version": "0.3.0",
      "resolved": "https://registry.npmjs.org/cue-parser/-/cue-parser-0.3.0.tgz",
      "integrity": "sha512-dT9aE78B10akUWxt5SYhsyrGbIpoO67ELOk4DzIpwfhQNjauS9gxZ2SoOnwAfVUr2HAxFRH/8gH/8Umn4DYRow==",
      "requires": {
        "chardet": "^1.0.0"
      }
    }
  }
}
